PODS:
  - FormatterKit (1.8.0):
    - FormatterKit/AddressFormatter (= 1.8.0)
    - FormatterKit/ArrayFormatter (= 1.8.0)
    - FormatterKit/ColorFormatter (= 1.8.0)
    - FormatterKit/LocationFormatter (= 1.8.0)
    - FormatterKit/NameFormatter (= 1.8.0)
    - FormatterKit/OrdinalNumberFormatter (= 1.8.0)
    - FormatterKit/TimeIntervalFormatter (= 1.8.0)
    - FormatterKit/UnitOfInformationFormatter (= 1.8.0)
    - FormatterKit/URLRequestFormatter (= 1.8.0)
  - FormatterKit/AddressFormatter (1.8.0)
  - FormatterKit/ArrayFormatter (1.8.0)
  - FormatterKit/ColorFormatter (1.8.0)
  - FormatterKit/LocationFormatter (1.8.0)
  - FormatterKit/NameFormatter (1.8.0)
  - FormatterKit/OrdinalNumberFormatter (1.8.0)
  - FormatterKit/TimeIntervalFormatter (1.8.0)
  - FormatterKit/UnitOfInformationFormatter (1.8.0)
  - FormatterKit/URLRequestFormatter (1.8.0)
  - OpenCV (2.4.9)

DEPENDENCIES:
  - FormatterKit
  - OpenCV (= 2.4.9)

SPEC CHECKSUMS:
  FormatterKit: bddde83e054edf9d9ee14f9de3b3a5103db256f4
  OpenCV: bb17904e55fc19b1f0f6c3e29bc04a7dd31eddb9

COCOAPODS: 0.39.0
